
Microsoft Visual Studio Solution File, Format Version 12.00
# Visual Studio 15
VisualStudioVersion = 15.0.28010.2016
MinimumVisualStudioVersion = 10.0.40219.1
Project("{FAE04EC0-301F-11D3-BF4B-00C04F79EFBC}") = "ImplementingClassModels", "ImplementingClassModels\ImplementingClassModels.csproj", "{F062C104-9561-4405-8A2F-CC81BF5B53A4}"
EndProject
Project("{2150E333-8FDC-42A3-9474-1A3956D46DE8}") = "Solution Items", "Solution Items", "{4CB23050-F6F7-47AE-B870-675A526EE497}"
EndProject
Global
	GlobalSection(SolutionConfigurationPlatforms) = preSolution
		Debug|Any CPU = Debug|Any CPU
		Release|Any CPU = Release|Any CPU
	EndGlobalSection
	GlobalSection(ProjectConfigurationPlatforms) = postSolution
		{F062C104-9561-4405-8A2F-CC81BF5B53A4}.Debug|Any CPU.ActiveCfg = Debug|Any CPU
		{F062C104-9561-4405-8A2F-CC81BF5B53A4}.Debug|Any CPU.Build.0 = Debug|Any CPU
		{F062C104-9561-4405-8A2F-CC81BF5B53A4}.Release|Any CPU.ActiveCfg = Release|Any CPU
		{F062C104-9561-4405-8A2F-CC81BF5B53A4}.Release|Any CPU.Build.0 = Release|Any CPU
	EndGlobalSection
	GlobalSection(SolutionProperties) = preSolution
		HideSolutionNode = FALSE
	EndGlobalSection
	GlobalSection(ExtensibilityGlobals) = postSolution
		SolutionGuid = {3F77B8D2-21A9-441F-8577-4E09F434266A}
	EndGlobalSection
EndGlobal
